
Microsoft Visual Studio Solution File, Format Version 12.00
# Visual Studio Version 16
VisualStudioVersion = 16.0.30621.155
MinimumVisualStudioVersion = 10.0.40219.1
Project("{FAE04EC0-301F-11D3-BF4B-00C04F79EFBC}") = "Activity2G", "Activity2G\Activity2G.csproj", "{CCAEDE77-0A8C-4A2B-A880-E22D1701DB42}"
EndProject
Global
	GlobalSection(SolutionConfigurationPlatforms) = preSolution
		Debug|Any CPU = Debug|Any CPU
		Release|Any CPU = Release|Any CPU
	EndGlobalSection
	GlobalSection(ProjectConfigurationPlatforms) = postSolution
		{CCAEDE77-0A8C-4A2B-A880-E22D1701DB42}.Debug|Any CPU.ActiveCfg = Debug|Any CPU
		{CCAEDE77-0A8C-4A2B-A880-E22D1701DB42}.Debug|Any CPU.Build.0 = Debug|Any CPU
		{CCAEDE77-0A8C-4A2B-A880-E22D1701DB42}.Release|Any CPU.ActiveCfg = Release|Any CPU
		{CCAEDE77-0A8C-4A2B-A880-E22D1701DB42}.Release|Any CPU.Build.0 = Release|Any CPU
	EndGlobalSection
	GlobalSection(SolutionProperties) = preSolution
		HideSolutionNode = FALSE
	EndGlobalSection
	GlobalSection(ExtensibilityGlobals) = postSolution
		SolutionGuid = {C1A0BC25-E335-4538-81D3-660768217193}
	EndGlobalSection
EndGlobal
